
Microsoft Visual Studio Solution File, Format Version 12.00
# Visual Studio 2012
Project("{FAE04EC0-301F-11D3-BF4B-00C04F79EFBC}") = "AlumniPlatform.Home", "AlumniPlatform.Home\AlumniPlatform.Home.csproj", "{6F5DAD9E-427D-4A85-95EC-16AA13333B50}"
EndProject
Project("{FAE04EC0-301F-11D3-BF4B-00C04F79EFBC}") = "AlumniPlatform.Logic", "AlumniPlatform.Logic\AlumniPlatform.Logic.csproj", "{855B6E83-5653-4C11-B214-63C167314870}"
EndProject
Project("{FAE04EC0-301F-11D3-BF4B-00C04F79EFBC}") = "Common.DbFactory", "Common.DbFactory\Common.DbFactory.csproj", "{B2A0445F-5A0A-4CBF-A4A5-0D2C18EADA88}"
EndProject
Global
	GlobalSection(SolutionConfigurationPlatforms) = preSolution
		Debug|Any CPU = Debug|Any CPU
		Release|Any CPU = Release|Any CPU
	EndGlobalSection
	GlobalSection(ProjectConfigurationPlatforms) = postSolution
		{6F5DAD9E-427D-4A85-95EC-16AA13333B50}.Debug|Any CPU.ActiveCfg = Debug|Any CPU
		{6F5DAD9E-427D-4A85-95EC-16AA13333B50}.Debug|Any CPU.Build.0 = Debug|Any CPU
		{6F5DAD9E-427D-4A85-95EC-16AA13333B50}.Release|Any CPU.ActiveCfg = Release|Any CPU
		{6F5DAD9E-427D-4A85-95EC-16AA13333B50}.Release|Any CPU.Build.0 = Release|Any CPU
		{855B6E83-5653-4C11-B214-63C167314870}.Debug|Any CPU.ActiveCfg = Debug|Any CPU
		{855B6E83-5653-4C11-B214-63C167314870}.Debug|Any CPU.Build.0 = Debug|Any CPU
		{855B6E83-5653-4C11-B214-63C167314870}.Release|Any CPU.ActiveCfg = Release|Any CPU
		{855B6E83-5653-4C11-B214-63C167314870}.Release|Any CPU.Build.0 = Release|Any CPU
		{B2A0445F-5A0A-4CBF-A4A5-0D2C18EADA88}.Debug|Any CPU.ActiveCfg = Debug|Any CPU
		{B2A0445F-5A0A-4CBF-A4A5-0D2C18EADA88}.Debug|Any CPU.Build.0 = Debug|Any CPU
		{B2A0445F-5A0A-4CBF-A4A5-0D2C18EADA88}.Release|Any CPU.ActiveCfg = Release|Any CPU
		{B2A0445F-5A0A-4CBF-A4A5-0D2C18EADA88}.Release|Any CPU.Build.0 = Release|Any CPU
	EndGlobalSection
	GlobalSection(SolutionProperties) = preSolution
		HideSolutionNode = FALSE
	EndGlobalSection
EndGlobal
